
Microsoft Visual Studio Solution File, Format Version 12.00
# Visual Studio Version 17
VisualStudioVersion = 17.8.34525.116
MinimumVisualStudioVersion = 10.0.40219.1
Project("{FAE04EC0-301F-11D3-BF4B-00C04F79EFBC}") = "Saracens", "Saracens\Saracens.csproj", "{FBEC92D9-BF83-42E1-AD97-74135FE3A5A8}"
EndProject
Global
	GlobalSection(SolutionConfigurationPlatforms) = preSolution
		Debug|Any CPU = Debug|Any CPU
		Release|Any CPU = Release|Any CPU
	EndGlobalSection
	GlobalSection(ProjectConfigurationPlatforms) = postSolution
		{FBEC92D9-BF83-42E1-AD97-74135FE3A5A8}.Debug|Any CPU.ActiveCfg = Debug|Any CPU
		{FBEC92D9-BF83-42E1-AD97-74135FE3A5A8}.Debug|Any CPU.Build.0 = Debug|Any CPU
		{FBEC92D9-BF83-42E1-AD97-74135FE3A5A8}.Release|Any CPU.ActiveCfg = Release|Any CPU
		{FBEC92D9-BF83-42E1-AD97-74135FE3A5A8}.Release|Any CPU.Build.0 = Release|Any CPU
	EndGlobalSection
	GlobalSection(SolutionProperties) = preSolution
		HideSolutionNode = FALSE
	EndGlobalSection
	GlobalSection(ExtensibilityGlobals) = postSolution
		SolutionGuid = {35EB600F-3222-4D32-B75E-9D031317D5CE}
	EndGlobalSection
EndGlobal
